
Microsoft Visual Studio Solution File, Format Version 12.00
# Visual Studio Version 17
VisualStudioVersion = 17.13.35931.197 d17.13
MinimumVisualStudioVersion = 10.0.40219.1
Project("{FAE04EC0-301F-11D3-BF4B-00C04F79EFBC}") = "Course", "Course\Course.csproj", "{CD8F31B9-5982-45E0-9C1D-2E6E9D646B4F}"
EndProject
Global
	GlobalSection(SolutionConfigurationPlatforms) = preSolution
		Debug|Any CPU = Debug|Any CPU
		Release|Any CPU = Release|Any CPU
	EndGlobalSection
	GlobalSection(ProjectConfigurationPlatforms) = postSolution
		{CD8F31B9-5982-45E0-9C1D-2E6E9D646B4F}.Debug|Any CPU.ActiveCfg = Debug|Any CPU
		{CD8F31B9-5982-45E0-9C1D-2E6E9D646B4F}.Debug|Any CPU.Build.0 = Debug|Any CPU
		{CD8F31B9-5982-45E0-9C1D-2E6E9D646B4F}.Release|Any CPU.ActiveCfg = Release|Any CPU
		{CD8F31B9-5982-45E0-9C1D-2E6E9D646B4F}.Release|Any CPU.Build.0 = Release|Any CPU
	EndGlobalSection
	GlobalSection(SolutionProperties) = preSolution
		HideSolutionNode = FALSE
	EndGlobalSection
	GlobalSection(ExtensibilityGlobals) = postSolution
		SolutionGuid = {98F0AAB2-57B2-4957-96A2-1F420153DF69}
	EndGlobalSection
EndGlobal
